
Microsoft Visual Studio Solution File, Format Version 12.00
# Visual Studio Version 17
VisualStudioVersion = 17.7.34024.191
MinimumVisualStudioVersion = 10.0.40219.1
Project("{FAE04EC0-301F-11D3-BF4B-00C04F79EFBC}") = "Web-API-Versioning.API", "Web-API-Versioning.API\Web-API-Versioning.API.csproj", "{63D1212E-D12D-4636-9DBE-567B40A2823F}"
EndProject
Global
	GlobalSection(SolutionConfigurationPlatforms) = preSolution
		Debug|Any CPU = Debug|Any CPU
		Release|Any CPU = Release|Any CPU
	EndGlobalSection
	GlobalSection(ProjectConfigurationPlatforms) = postSolution
		{63D1212E-D12D-4636-9DBE-567B40A2823F}.Debug|Any CPU.ActiveCfg = Debug|Any CPU
		{63D1212E-D12D-4636-9DBE-567B40A2823F}.Debug|Any CPU.Build.0 = Debug|Any CPU
		{63D1212E-D12D-4636-9DBE-567B40A2823F}.Release|Any CPU.ActiveCfg = Release|Any CPU
		{63D1212E-D12D-4636-9DBE-567B40A2823F}.Release|Any CPU.Build.0 = Release|Any CPU
	EndGlobalSection
	GlobalSection(SolutionProperties) = preSolution
		HideSolutionNode = FALSE
	EndGlobalSection
	GlobalSection(ExtensibilityGlobals) = postSolution
		SolutionGuid = {919D00AF-6C12-4048-AC75-0D3A23EA2E4B}
	EndGlobalSection
EndGlobal
